// !$*UTF8*$!
{
	archiveVersion = 1;
	classes = {
	};
	objectVersion = 46;
	objects = {

/* Begin PBXBuildFile section */
		7E7ECFEF1F2908770014C516 /* camera.png in Resources */ = {isa = PBXBuildFile; fileRef = 7E7ECFEE1F2908770014C516 /* camera.png */; };
		7EE36BD11F27BF75000E2871 /* MessageUI.framework in Frameworks */ = {isa = PBXBuildFile; fileRef = 7EE36BD01F27BF75000E2871 /* MessageUI.framework */; };
		7EE36BD31F27C0CA000E2871 /* message.png in Resources */ = {isa = PBXBuildFile; fileRef = 7EE36BD21F27C0CA000E2871 /* message.png */; };
		7EE36C181F27F4F3000E2871 /* ISUtils.m in Sources */ = {isa = PBXBuildFile; fileRef = 7EE36C171F27F4F3000E2871 /* ISUtils.m */; };
		7EE36C1B1F27F53E000E2871 /* ISSteganographer.m in Sources */ = {isa = PBXBuildFile; fileRef = 7EE36C1A1F27F53E000E2871 /* ISSteganographer.m */; };
		7EE36C1E1F27F571000E2871 /* ISStegoDecoder.m in Sources */ = {isa = PBXBuildFile; fileRef = 7EE36C1D1F27F571000E2871 /* ISStegoDecoder.m */; };
		7EE36C211F27F5A3000E2871 /* ISStegoEncoder.m in Sources */ = {isa = PBXBuildFile; fileRef = 7EE36C201F27F5A3000E2871 /* ISStegoEncoder.m */; };
		7EE36C241F27F5E4000E2871 /* ISPixelUtilities.m in Sources */ = {isa = PBXBuildFile; fileRef = 7EE36C231F27F5E4000E2871 /* ISPixelUtilities.m */; };
		7EE36C271F27F62A000E2871 /* ISStegoDefaults.m in Sources */ = {isa = PBXBuildFile; fileRef = 7EE36C261F27F62A000E2871 /* ISStegoDefaults.m */; };
		7EE36C2A1F27F653000E2871 /* ISStegoUtilities.m in Sources */ = {isa = PBXBuildFile; fileRef = 7EE36C291F27F653000E2871 /* ISStegoUtilities.m */; };
		7EE36C2D1F27F6F5000E2871 /* InsertViewController.m in Sources */ = {isa = PBXBuildFile; fileRef = 7EE36C2C1F27F6F5000E2871 /* InsertViewController.m */; };
		7EE36C301F27FF8A000E2871 /* ExtractViewController.m in Sources */ = {isa = PBXBuildFile; fileRef = 7EE36C2F1F27FF8A000E2871 /* ExtractViewController.m */; };
		7EF48AE91F27777000DD89A7 /* WebViewContent2.html in Resources */ = {isa = PBXBuildFile; fileRef = 7EF48AE81F27777000DD89A7 /* WebViewContent2.html */; };
		7EF48AED1F277A1B00DD89A7 /* polygon.gif in Resources */ = {isa = PBXBuildFile; fileRef = 7EF48AEC1F277A1B00DD89A7 /* polygon.gif */; };
		7EFBEB981F2667A100FD9081 /* main.m in Sources */ = {isa = PBXBuildFile; fileRef = 7EFBEB971F2667A100FD9081 /* main.m */; };
		7EFBEB9B1F2667A100FD9081 /* AppDelegate.m in Sources */ = {isa = PBXBuildFile; fileRef = 7EFBEB9A1F2667A100FD9081 /* AppDelegate.m */; };
		7EFBEB9E1F2667A100FD9081 /* ViewController.m in Sources */ = {isa = PBXBuildFile; fileRef = 7EFBEB9D1F2667A100FD9081 /* ViewController.m */; };
		7EFBEBA31F2667A100FD9081 /* Assets.xcassets in Resources */ = {isa = PBXBuildFile; fileRef = 7EFBEBA21F2667A100FD9081 /* Assets.xcassets */; };
		7EFBEBA61F2667A100FD9081 /* LaunchScreen.storyboard in Resources */ = {isa = PBXBuildFile; fileRef = 7EFBEBA41F2667A100FD9081 /* LaunchScreen.storyboard */; };
		7EFBEBAE1F2667D900FD9081 /* evil.jpg in Resources */ = {isa = PBXBuildFile; fileRef = 7EFBEBAD1F2667D900FD9081 /* evil.jpg */; };
		7EFBEBB11F266FEE00FD9081 /* Model.m in Sources */ = {isa = PBXBuildFile; fileRef = 7EFBEBB01F266FEE00FD9081 /* Model.m */; };
		7EFBEBB41F26765500FD9081 /* Security.framework in Frameworks */ = {isa = PBXBuildFile; fileRef = 7EFBEBB31F26765500FD9081 /* Security.framework */; };
		7EFBEBB71F267CD100FD9081 /* NSData+MyEncryption.m in Sources */ = {isa = PBXBuildFile; fileRef = 7EFBEBB61F267CD100FD9081 /* NSData+MyEncryption.m */; };
		7EFBEBBC1F269CF200FD9081 /* FirstViewController.m in Sources */ = {isa = PBXBuildFile; fileRef = 7EFBEBBB1F269CF200FD9081 /* FirstViewController.m */; };
		7EFBEBBE1F269EAC00FD9081 /* Main.storyboard in Resources */ = {isa = PBXBuildFile; fileRef = 7EFBEBBD1F269EAC00FD9081 /* Main.storyboard */; };
		7EFBEBC01F26A02900FD9081 /* giphy2.gif in Resources */ = {isa = PBXBuildFile; fileRef = 7EFBEBBF1F26A02900FD9081 /* giphy2.gif */; };
		7EFBEBC21F26A2EC00FD9081 /* WebViewContent.html in Resources */ = {isa = PBXBuildFile; fileRef = 7EFBEBC11F26A2EC00FD9081 /* WebViewContent.html */; };
/* End PBXBuildFile section */

/* Begin PBXFileReference section */
		7E7ECFEE1F2908770014C516 /* camera.png */ = {isa = PBXFileReference; lastKnownFileType = image.png; path = camera.png; sourceTree = "<group>"; };
		7EE36BD01F27BF75000E2871 /* MessageUI.framework */ = {isa = PBXFileReference; lastKnownFileType = wrapper.framework; name = MessageUI.framework; path = System/Library/Frameworks/MessageUI.framework; sourceTree = SDKROOT; };
		7EE36BD21F27C0CA000E2871 /* message.png */ = {isa = PBXFileReference; lastKnownFileType = image.png; path = message.png; sourceTree = "<group>"; };
		7EE36C161F27F4F3000E2871 /* ISUtils.h */ = {isa = PBXFileReference; fileEncoding = 4; lastKnownFileType = sourcecode.c.h; path = ISUtils.h; sourceTree = "<group>"; };
		7EE36C171F27F4F3000E2871 /* ISUtils.m */ = {isa = PBXFileReference; fileEncoding = 4; lastKnownFileType = sourcecode.c.objc; path = ISUtils.m; sourceTree = "<group>"; };
		7EE36C191F27F53E000E2871 /* ISSteganographer.h */ = {isa = PBXFileReference; fileEncoding = 4; lastKnownFileType = sourcecode.c.h; path = ISSteganographer.h; sourceTree = "<group>"; };
		7EE36C1A1F27F53E000E2871 /* ISSteganographer.m */ = {isa = PBXFileReference; fileEncoding = 4; lastKnownFileType = sourcecode.c.objc; path = ISSteganographer.m; sourceTree = "<group>"; };
		7EE36C1C1F27F571000E2871 /* ISStegoDecoder.h */ = {isa = PBXFileReference; fileEncoding = 4; lastKnownFileType = sourcecode.c.h; path = ISStegoDecoder.h; sourceTree = "<group>"; };
		7EE36C1D1F27F571000E2871 /* ISStegoDecoder.m */ = {isa = PBXFileReference; fileEncoding = 4; lastKnownFileType = sourcecode.c.objc; path = ISStegoDecoder.m; sourceTree = "<group>"; };
		7EE36C1F1F27F5A3000E2871 /* ISStegoEncoder.h */ = {isa = PBXFileReference; fileEncoding = 4; lastKnownFileType = sourcecode.c.h; path = ISStegoEncoder.h; sourceTree = "<group>"; };
		7EE36C201F27F5A3000E2871 /* ISStegoEncoder.m */ = {isa = PBXFileReference; fileEncoding = 4; lastKnownFileType = sourcecode.c.objc; path = ISStegoEncoder.m; sourceTree = "<group>"; };
		7EE36C221F27F5E4000E2871 /* ISPixelUtilities.h */ = {isa = PBXFileReference; fileEncoding = 4; lastKnownFileType = sourcecode.c.h; path = ISPixelUtilities.h; sourceTree = "<group>"; };
		7EE36C231F27F5E4000E2871 /* ISPixelUtilities.m */ = {isa = PBXFileReference; fileEncoding = 4; lastKnownFileType = sourcecode.c.objc; path = ISPixelUtilities.m; sourceTree = "<group>"; };
		7EE36C251F27F62A000E2871 /* ISStegoDefaults.h */ = {isa = PBXFileReference; fileEncoding = 4; lastKnownFileType = sourcecode.c.h; path = ISStegoDefaults.h; sourceTree = "<group>"; };
		7EE36C261F27F62A000E2871 /* ISStegoDefaults.m */ = {isa = PBXFileReference; fileEncoding = 4; lastKnownFileType = sourcecode.c.objc; path = ISStegoDefaults.m; sourceTree = "<group>"; };
		7EE36C281F27F653000E2871 /* ISStegoUtilities.h */ = {isa = PBXFileReference; fileEncoding = 4; lastKnownFileType = sourcecode.c.h; path = ISStegoUtilities.h; sourceTree = "<group>"; };
		7EE36C291F27F653000E2871 /* ISStegoUtilities.m */ = {isa = PBXFileReference; fileEncoding = 4; lastKnownFileType = sourcecode.c.objc; path = ISStegoUtilities.m; sourceTree = "<group>"; };
		7EE36C2B1F27F6F5000E2871 /* InsertViewController.h */ = {isa = PBXFileReference; fileEncoding = 4; lastKnownFileType = sourcecode.c.h; path = InsertViewController.h; sourceTree = "<group>"; };
		7EE36C2C1F27F6F5000E2871 /* InsertViewController.m */ = {isa = PBXFileReference; fileEncoding = 4; lastKnownFileType = sourcecode.c.objc; path = InsertViewController.m; sourceTree = "<group>"; };
		7EE36C2E1F27FF8A000E2871 /* ExtractViewController.h */ = {isa = PBXFileReference; fileEncoding = 4; lastKnownFileType = sourcecode.c.h; path = ExtractViewController.h; sourceTree = "<group>"; };
		7EE36C2F1F27FF8A000E2871 /* ExtractViewController.m */ = {isa = PBXFileReference; fileEncoding = 4; lastKnownFileType = sourcecode.c.objc; path = ExtractViewController.m; sourceTree = "<group>"; };
		7EF48AE81F27777000DD89A7 /* WebViewContent2.html */ = {isa = PBXFileReference; fileEncoding = 4; lastKnownFileType = text.html; path = WebViewContent2.html; sourceTree = "<group>"; };
		7EF48AEC1F277A1B00DD89A7 /* polygon.gif */ = {isa = PBXFileReference; lastKnownFileType = image.gif; path = polygon.gif; sourceTree = "<group>"; };
		7EFBEB931F2667A100FD9081 /* MidtermEnigma.app */ = {isa = PBXFileReference; explicitFileType = wrapper.application; includeInIndex = 0; path = MidtermEnigma.app; sourceTree = BUILT_PRODUCTS_DIR; };
		7EFBEB971F2667A100FD9081 /* main.m */ = {isa = PBXFileReference; lastKnownFileType = sourcecode.c.objc; path = main.m; sourceTree = "<group>"; };
		7EFBEB991F2667A100FD9081 /* AppDelegate.h */ = {isa = PBXFileReference; lastKnownFileType = sourcecode.c.h; path = AppDelegate.h; sourceTree = "<group>"; };
		7EFBEB9A1F2667A100FD9081 /* AppDelegate.m */ = {isa = PBXFileReference; lastKnownFileType = sourcecode.c.objc; path = AppDelegate.m; sourceTree = "<group>"; };
		7EFBEB9C1F2667A100FD9081 /* ViewController.h */ = {isa = PBXFileReference; lastKnownFileType = sourcecode.c.h; path = ViewController.h; sourceTree = "<group>"; };
		7EFBEB9D1F2667A100FD9081 /* ViewController.m */ = {isa = PBXFileReference; lastKnownFileType = sourcecode.c.objc; path = ViewController.m; sourceTree = "<group>"; };
		7EFBEBA21F2667A100FD9081 /* Assets.xcassets */ = {isa = PBXFileReference; lastKnownFileType = folder.assetcatalog; path = Assets.xcassets; sourceTree = "<group>"; };
		7EFBEBA51F2667A100FD9081 /* Base */ = {isa = PBXFileReference; lastKnownFileType = file.storyboard; name = Base; path = Base.lproj/LaunchScreen.storyboard; sourceTree = "<group>"; };
		7EFBEBA71F2667A100FD9081 /* Info.plist */ = {isa = PBXFileReference; lastKnownFileType = text.plist.xml; path = Info.plist; sourceTree = "<group>"; };
		7EFBEBAD1F2667D900FD9081 /* evil.jpg */ = {isa = PBXFileReference; lastKnownFileType = image.jpeg; path = evil.jpg; sourceTree = "<group>"; };
		7EFBEBAF1F266FEE00FD9081 /* Model.h */ = {isa = PBXFileReference; fileEncoding = 4; lastKnownFileType = sourcecode.c.h; path = Model.h; sourceTree = "<group>"; };
		7EFBEBB01F266FEE00FD9081 /* Model.m */ = {isa = PBXFileReference; fileEncoding = 4; lastKnownFileType = sourcecode.c.objc; path = Model.m; sourceTree = "<group>"; };
		7EFBEBB31F26765500FD9081 /* Security.framework */ = {isa = PBXFileReference; lastKnownFileType = wrapper.framework; name = Security.framework; path = System/Library/Frameworks/Security.framework; sourceTree = SDKROOT; };
		7EFBEBB51F267CD100FD9081 /* NSData+MyEncryption.h */ = {isa = PBXFileReference; fileEncoding = 4; lastKnownFileType = sourcecode.c.h; path = "NSData+MyEncryption.h"; sourceTree = "<group>"; };
		7EFBEBB61F267CD100FD9081 /* NSData+MyEncryption.m */ = {isa = PBXFileReference; fileEncoding = 4; lastKnownFileType = sourcecode.c.objc; path = "NSData+MyEncryption.m"; sourceTree = "<group>"; };
		7EFBEBBA1F269CF200FD9081 /* FirstViewController.h */ = {isa = PBXFileReference; fileEncoding = 4; lastKnownFileType = sourcecode.c.h; path = FirstViewController.h; sourceTree = "<group>"; };
		7EFBEBBB1F269CF200FD9081 /* FirstViewController.m */ = {isa = PBXFileReference; fileEncoding = 4; lastKnownFileType = sourcecode.c.objc; path = FirstViewController.m; sourceTree = "<group>"; };
		7EFBEBBD1F269EAC00FD9081 /* Main.storyboard */ = {isa = PBXFileReference; fileEncoding = 4; lastKnownFileType = file.storyboard; path = Main.storyboard; sourceTree = "<group>"; };
		7EFBEBBF1F26A02900FD9081 /* giphy2.gif */ = {isa = PBXFileReference; lastKnownFileType = image.gif; path = giphy2.gif; sourceTree = "<group>"; };
		7EFBEBC11F26A2EC00FD9081 /* WebViewContent.html */ = {isa = PBXFileReference; fileEncoding = 4; lastKnownFileType = text.html; path = WebViewContent.html; sourceTree = "<group>"; };
/* End PBXFileReference section */

/* Begin PBXFrameworksBuildPhase section */
		7EFBEB901F2667A100FD9081 /* Frameworks */ = {
			isa = PBXFrameworksBuildPhase;
			buildActionMask = 2147483647;
			files = (
				7EE36BD11F27BF75000E2871 /* MessageUI.framework in Frameworks */,
				7EFBEBB41F26765500FD9081 /* Security.framework in Frameworks */,
			);
			runOnlyForDeploymentPostprocessing = 0;
		};
/* End PBXFrameworksBuildPhase section */

/* Begin PBXGroup section */
		7EE36C151F27F4CA000E2871 /* Steganography */ = {
			isa = PBXGroup;
			children = (
				7EE36C161F27F4F3000E2871 /* ISUtils.h */,
				7EE36C171F27F4F3000E2871 /* ISUtils.m */,
				7EE36C191F27F53E000E2871 /* ISSteganographer.h */,
				7EE36C1A1F27F53E000E2871 /* ISSteganographer.m */,
				7EE36C1C1F27F571000E2871 /* ISStegoDecoder.h */,
				7EE36C1D1F27F571000E2871 /* ISStegoDecoder.m */,
				7EE36C1F1F27F5A3000E2871 /* ISStegoEncoder.h */,
				7EE36C201F27F5A3000E2871 /* ISStegoEncoder.m */,
				7EE36C221F27F5E4000E2871 /* ISPixelUtilities.h */,
				7EE36C231F27F5E4000E2871 /* ISPixelUtilities.m */,
				7EE36C251F27F62A000E2871 /* ISStegoDefaults.h */,
				7EE36C261F27F62A000E2871 /* ISStegoDefaults.m */,
				7EE36C281F27F653000E2871 /* ISStegoUtilities.h */,
				7EE36C291F27F653000E2871 /* ISStegoUtilities.m */,
			);
			name = Steganography;
			sourceTree = "<group>";
		};
		7EFBEB8A1F2667A100FD9081 = {
			isa = PBXGroup;
			children = (
				7EFBEB951F2667A100FD9081 /* MidtermEnigma */,
				7EFBEB941F2667A100FD9081 /* Products */,
				7EFBEBB21F26765500FD9081 /* Frameworks */,
			);
			sourceTree = "<group>";
		};
		7EFBEB941F2667A100FD9081 /* Products */ = {
			isa = PBXGroup;
			children = (
				7EFBEB931F2667A100FD9081 /* MidtermEnigma.app */,
			);
			name = Products;
			sourceTree = "<group>";
		};
		7EFBEB951F2667A100FD9081 /* MidtermEnigma */ = {
			isa = PBXGroup;
			children = (
				7EE36C151F27F4CA000E2871 /* Steganography */,
				7EFBEBAF1F266FEE00FD9081 /* Model.h */,
				7EFBEBB01F266FEE00FD9081 /* Model.m */,
				7EFBEBBA1F269CF200FD9081 /* FirstViewController.h */,
				7EFBEBBB1F269CF200FD9081 /* FirstViewController.m */,
				7EFBEB9C1F2667A100FD9081 /* ViewController.h */,
				7EFBEB9D1F2667A100FD9081 /* ViewController.m */,
				7EE36C2B1F27F6F5000E2871 /* InsertViewController.h */,
				7EE36C2C1F27F6F5000E2871 /* InsertViewController.m */,
				7EE36C2E1F27FF8A000E2871 /* ExtractViewController.h */,
				7EE36C2F1F27FF8A000E2871 /* ExtractViewController.m */,
				7EFBEBBD1F269EAC00FD9081 /* Main.storyboard */,
				7EFBEB961F2667A100FD9081 /* Supporting Files */,
			);
			path = MidtermEnigma;
			sourceTree = "<group>";
		};
		7EFBEB961F2667A100FD9081 /* Supporting Files */ = {
			isa = PBXGroup;
			children = (
				7E7ECFEE1F2908770014C516 /* camera.png */,
				7EE36BD21F27C0CA000E2871 /* message.png */,
				7EFBEBC11F26A2EC00FD9081 /* WebViewContent.html */,
				7EF48AE81F27777000DD89A7 /* WebViewContent2.html */,
				7EFBEBAD1F2667D900FD9081 /* evil.jpg */,
				7EF48AEC1F277A1B00DD89A7 /* polygon.gif */,
				7EFBEBBF1F26A02900FD9081 /* giphy2.gif */,
				7EFBEBB51F267CD100FD9081 /* NSData+MyEncryption.h */,
				7EFBEBB61F267CD100FD9081 /* NSData+MyEncryption.m */,
				7EFBEB991F2667A100FD9081 /* AppDelegate.h */,
				7EFBEB9A1F2667A100FD9081 /* AppDelegate.m */,
				7EFBEBA21F2667A100FD9081 /* Assets.xcassets */,
				7EFBEBA41F2667A100FD9081 /* LaunchScreen.storyboard */,
				7EFBEBA71F2667A100FD9081 /* Info.plist */,
				7EFBEB971F2667A100FD9081 /* main.m */,
			);
			name = "Supporting Files";
			sourceTree = "<group>";
		};
		7EFBEBB21F26765500FD9081 /* Frameworks */ = {
			isa = PBXGroup;
			children = (
				7EE36BD01F27BF75000E2871 /* MessageUI.framework */,
				7EFBEBB31F26765500FD9081 /* Security.framework */,
			);
			name = Frameworks;
			sourceTree = "<group>";
		};
/* End PBXGroup section */

/* Begin PBXNativeTarget section */
		7EFBEB921F2667A100FD9081 /* MidtermEnigma */ = {
			isa = PBXNativeTarget;
			buildConfigurationList = 7EFBEBAA1F2667A100FD9081 /* Build configuration list for PBXNativeTarget "MidtermEnigma" */;
			buildPhases = (
				7EFBEB8F1F2667A100FD9081 /* Sources */,
				7EFBEB901F2667A100FD9081 /* Frameworks */,
				7EFBEB911F2667A100FD9081 /* Resources */,
			);
			buildRules = (
			);
			dependencies = (
			);
			name = MidtermEnigma;
			productName = MidtermEnigma;
			productReference = 7EFBEB931F2667A100FD9081 /* MidtermEnigma.app */;
			productType = "com.apple.product-type.application";
		};
/* End PBXNativeTarget section */

/* Begin PBXProject section */
		7EFBEB8B1F2667A100FD9081 /* Project object */ = {
			isa = PBXProject;
			attributes = {
				LastUpgradeCheck = 0810;
				ORGANIZATIONNAME = "Thiago Hissa";
				TargetAttributes = {
					7EFBEB921F2667A100FD9081 = {
						CreatedOnToolsVersion = 8.1;
						ProvisioningStyle = Automatic;
					};
				};
			};
			buildConfigurationList = 7EFBEB8E1F2667A100FD9081 /* Build configuration list for PBXProject "MidtermEnigma" */;
			compatibilityVersion = "Xcode 3.2";
			developmentRegion = English;
			hasScannedForEncodings = 0;
			knownRegions = (
				en,
				Base,
			);
			mainGroup = 7EFBEB8A1F2667A100FD9081;
			productRefGroup = 7EFBEB941F2667A100FD9081 /* Products */;
			projectDirPath = "";
			projectRoot = "";
			targets = (
				7EFBEB921F2667A100FD9081 /* MidtermEnigma */,
			);
		};
/* End PBXProject section */

/* Begin PBXResourcesBuildPhase section */
		7EFBEB911F2667A100FD9081 /* Resources */ = {
			isa = PBXResourcesBuildPhase;
			buildActionMask = 2147483647;
			files = (
				7EFBEBBE1F269EAC00FD9081 /* Main.storyboard in Resources */,
				7EFBEBA61F2667A100FD9081 /* LaunchScreen.storyboard in Resources */,
				7EFBEBC01F26A02900FD9081 /* giphy2.gif in Resources */,
				7EFBEBC21F26A2EC00FD9081 /* WebViewContent.html in Resources */,
				7E7ECFEF1F2908770014C516 /* camera.png in Resources */,
				7EFBEBA31F2667A100FD9081 /* Assets.xcassets in Resources */,
				7EF48AE91F27777000DD89A7 /* WebViewContent2.html in Resources */,
				7EFBEBAE1F2667D900FD9081 /* evil.jpg in Resources */,
				7EF48AED1F277A1B00DD89A7 /* polygon.gif in Resources */,
				7EE36BD31F27C0CA000E2871 /* message.png in Resources */,
			);
			runOnlyForDeploymentPostprocessing = 0;
		};
/* End PBXResourcesBuildPhase section */

/* Begin PBXSourcesBuildPhase section */
		7EFBEB8F1F2667A100FD9081 /* Sources */ = {
			isa = PBXSourcesBuildPhase;
			buildActionMask = 2147483647;
			files = (
				7EE36C241F27F5E4000E2871 /* ISPixelUtilities.m in Sources */,
				7EE36C181F27F4F3000E2871 /* ISUtils.m in Sources */,
				7EFBEB9E1F2667A100FD9081 /* ViewController.m in Sources */,
				7EFBEBBC1F269CF200FD9081 /* FirstViewController.m in Sources */,
				7EE36C211F27F5A3000E2871 /* ISStegoEncoder.m in Sources */,
				7EE36C301F27FF8A000E2871 /* ExtractViewController.m in Sources */,
				7EE36C1E1F27F571000E2871 /* ISStegoDecoder.m in Sources */,
				7EE36C271F27F62A000E2871 /* ISStegoDefaults.m in Sources */,
				7EE36C1B1F27F53E000E2871 /* ISSteganographer.m in Sources */,
				7EFBEBB71F267CD100FD9081 /* NSData+MyEncryption.m in Sources */,
				7EE36C2A1F27F653000E2871 /* ISStegoUtilities.m in Sources */,
				7EFBEB9B1F2667A100FD9081 /* AppDelegate.m in Sources */,
				7EFBEB981F2667A100FD9081 /* main.m in Sources */,
				7EFBEBB11F266FEE00FD9081 /* Model.m in Sources */,
				7EE36C2D1F27F6F5000E2871 /* InsertViewController.m in Sources */,
			);
			runOnlyForDeploymentPostprocessing = 0;
		};
/* End PBXSourcesBuildPhase section */

/* Begin PBXVariantGroup section */
		7EFBEBA41F2667A100FD9081 /* LaunchScreen.storyboard */ = {
			isa = PBXVariantGroup;
			children = (
				7EFBEBA51F2667A100FD9081 /* Base */,
			);
			name = LaunchScreen.storyboard;
			sourceTree = "<group>";
		};
/* End PBXVariantGroup section */

/* Begin XCBuildConfiguration section */
		7EFBEBA81F2667A100FD9081 /* Debug */ = {
			isa = XCBuildConfiguration;
			buildSettings = {
				ALWAYS_SEARCH_USER_PATHS = NO;
				CLANG_ANALYZER_NONNULL = YES;
				CLANG_CXX_LANGUAGE_STANDARD = "gnu++0x";
				CLANG_CXX_LIBRARY = "libc++";
				CLANG_ENABLE_MODULES = YES;
				CLANG_ENABLE_OBJC_ARC = YES;
				CLANG_WARN_BOOL_CONVERSION = YES;
				CLANG_WARN_CONSTANT_CONVERSION = YES;
				CLANG_WARN_DIRECT_OBJC_ISA_USAGE = YES_ERROR;
				CLANG_WARN_DOCUMENTATION_COMMENTS = YES;
				CLANG_WARN_EMPTY_BODY = YES;
				CLANG_WARN_ENUM_CONVERSION = YES;
				CLANG_WARN_INFINITE_RECURSION = YES;
				CLANG_WARN_INT_CONVERSION = YES;
				CLANG_WARN_OBJC_ROOT_CLASS = YES_ERROR;
				CLANG_WARN_SUSPICIOUS_MOVES = YES;
				CLANG_WARN_UNREACHABLE_CODE = YES;
				CLANG_WARN__DUPLICATE_METHOD_MATCH = YES;
				"CODE_SIGN_IDENTITY[sdk=iphoneos*]" = "iPhone Developer";
				COPY_PHASE_STRIP = NO;
				DEBUG_INFORMATION_FORMAT = dwarf;
				ENABLE_STRICT_OBJC_MSGSEND = YES;
				ENABLE_TESTABILITY = YES;
				GCC_C_LANGUAGE_STANDARD = gnu99;
				GCC_DYNAMIC_NO_PIC = NO;
				GCC_NO_COMMON_BLOCKS = YES;
				GCC_OPTIMIZATION_LEVEL = 0;
				GCC_PREPROCESSOR_DEFINITIONS = (
					"DEBUG=1",
					"$(inherited)",
				);
				GCC_WARN_64_TO_32_BIT_CONVERSION = YES;
				GCC_WARN_ABOUT_RETURN_TYPE = YES_ERROR;
				GCC_WARN_UNDECLARED_SELECTOR = YES;
				GCC_WARN_UNINITIALIZED_AUTOS = YES_AGGRESSIVE;
				GCC_WARN_UNUSED_FUNCTION = YES;
				GCC_WARN_UNUSED_VARIABLE = YES;
				IPHONEOS_DEPLOYMENT_TARGET = 10.1;
				MTL_ENABLE_DEBUG_INFO = YES;
				ONLY_ACTIVE_ARCH = YES;
				SDKROOT = iphoneos;
			};
			name = Debug;
		};
		7EFBEBA91F2667A100FD9081 /* Release */ = {
			isa = XCBuildConfiguration;
			buildSettings = {
				ALWAYS_SEARCH_USER_PATHS = NO;
				CLANG_ANALYZER_NONNULL = YES;
				CLANG_CXX_LANGUAGE_STANDARD = "gnu++0x";
				CLANG_CXX_LIBRARY = "libc++";
				CLANG_ENABLE_MODULES = YES;
				CLANG_ENABLE_OBJC_ARC = YES;
				CLANG_WARN_BOOL_CONVERSION = YES;
				CLANG_WARN_CONSTANT_CONVERSION = YES;
				CLANG_WARN_DIRECT_OBJC_ISA_USAGE = YES_ERROR;
				CLANG_WARN_DOCUMENTATION_COMMENTS = YES;
				CLANG_WARN_EMPTY_BODY = YES;
				CLANG_WARN_ENUM_CONVERSION = YES;
				CLANG_WARN_INFINITE_RECURSION = YES;
				CLANG_WARN_INT_CONVERSION = YES;
				CLANG_WARN_OBJC_ROOT_CLASS = YES_ERROR;
				CLANG_WARN_SUSPICIOUS_MOVES = YES;
				CLANG_WARN_UNREACHABLE_CODE = YES;
				CLANG_WARN__DUPLICATE_METHOD_MATCH = YES;
				"CODE_SIGN_IDENTITY[sdk=iphoneos*]" = "iPhone Developer";
				COPY_PHASE_STRIP = NO;
				DEBUG_INFORMATION_FORMAT = "dwarf-with-dsym";
				ENABLE_NS_ASSERTIONS = NO;
				ENABLE_STRICT_OBJC_MSGSEND = YES;
				GCC_C_LANGUAGE_STANDARD = gnu99;
				GCC_NO_COMMON_BLOCKS = YES;
				GCC_WARN_64_TO_32_BIT_CONVERSION = YES;
				GCC_WARN_ABOUT_RETURN_TYPE = YES_ERROR;
				GCC_WARN_UNDECLARED_SELECTOR = YES;
				GCC_WARN_UNINITIALIZED_AUTOS = YES_AGGRESSIVE;
				GCC_WARN_UNUSED_FUNCTION = YES;
				GCC_WARN_UNUSED_VARIABLE = YES;
				IPHONEOS_DEPLOYMENT_TARGET = 10.1;
				MTL_ENABLE_DEBUG_INFO = NO;
				SDKROOT = iphoneos;
				VALIDATE_PRODUCT = YES;
			};
			name = Release;
		};
		7EFBEBAB1F2667A100FD9081 /* Debug */ = {
			isa = XCBuildConfiguration;
			buildSettings = {
				ASSETCATALOG_COMPILER_APPICON_NAME = AppIcon;
				INFOPLIST_FILE = MidtermEnigma/Info.plist;
				LD_RUNPATH_SEARCH_PATHS = "$(inherited) @executable_path/Frameworks";
				PRODUCT_BUNDLE_IDENTIFIER = com.cplayground.MidtermEnigma;
				PRODUCT_NAME = "$(TARGET_NAME)";
			};
			name = Debug;
		};
		7EFBEBAC1F2667A100FD9081 /* Release */ = {
			isa = XCBuildConfiguration;
			buildSettings = {
				ASSETCATALOG_COMPILER_APPICON_NAME = AppIcon;
				INFOPLIST_FILE = MidtermEnigma/Info.plist;
				LD_RUNPATH_SEARCH_PATHS = "$(inherited) @executable_path/Frameworks";
				PRODUCT_BUNDLE_IDENTIFIER = com.cplayground.MidtermEnigma;
				PRODUCT_NAME = "$(TARGET_NAME)";
			};
			name = Release;
		};
/* End XCBuildConfiguration section */

/* Begin XCConfigurationList section */
		7EFBEB8E1F2667A100FD9081 /* Build configuration list for PBXProject "MidtermEnigma" */ = {
			isa = XCConfigurationList;
			buildConfigurations = (
				7EFBEBA81F2667A100FD9081 /* Debug */,
				7EFBEBA91F2667A100FD9081 /* Release */,
			);
			defaultConfigurationIsVisible = 0;
			defaultConfigurationName = Release;
		};
		7EFBEBAA1F2667A100FD9081 /* Build configuration list for PBXNativeTarget "MidtermEnigma" */ = {
			isa = XCConfigurationList;
			buildConfigurations = (
				7EFBEBAB1F2667A100FD9081 /* Debug */,
				7EFBEBAC1F2667A100FD9081 /* Release */,
			);
			defaultConfigurationIsVisible = 0;
			defaultConfigurationName = Release;
		};
/* End XCConfigurationList section */
	};
	rootObject = 7EFBEB8B1F2667A100FD9081 /* Project object */;
}
